PODS:
  - EasySequence (1.3.0)
  - Nimble (7.1.3)
  - Quick (1.3.1)

DEPENDENCIES:
  - EasySequence (from `../`)
  - Nimble
  - Quick

SPEC REPOS:
  https://github.com/cocoapods/specs.git:
    - Nimble
    - Quick

EXTERNAL SOURCES:
  EasySequence:
    :path: "../"

SPEC CHECKSUMS:
  EasySequence: 922b902a6fd4d978c3c25f877dd230fdfc3e5778
  Nimble: 2839b01d1b31f6a6a7777a221f0d91cf52e8e27b
  Quick: d17304d58d0d169dd0bd1c6e5c28e3318de32a1a

PODFILE CHECKSUM: 75a1fc4f0fff36fa252fba8310c993126b3b10f0

COCOAPODS: 1.5.3
