PODS:
  - EasySequence (1.2.0)
  - Nimble (7.1.2)
  - Quick (1.3.0)

DEPENDENCIES:
  - EasySequence (from `../`)
  - Nimble
  - Quick

SPEC REPOS:
  https://github.com/cocoapods/specs.git:
    - Nimble
    - Quick

EXTERNAL SOURCES:
  EasySequence:
    :path: "../"

SPEC CHECKSUMS:
  EasySequence: 78067c49b60afaeb2c056c6272fefde58c433b47
  Nimble: 3835ba9f459daa6b347f8a8e110aaae8ca1920a8
  Quick: 03278013f71aa05fe9ecabc94fbcc6835f1ee76f

PODFILE CHECKSUM: 3c844174caaca8214c766afc6205b1cc5439fa65

COCOAPODS: 1.5.3
