PODS:
  - EasySequence (1.0.0)
  - Nimble (7.1.0)
  - Quick (1.2.0)

DEPENDENCIES:
  - EasySequence (from `../`)
  - Nimble
  - Quick

SPEC REPOS:
  https://github.com/cocoapods/specs.git:
    - Nimble
    - Quick

EXTERNAL SOURCES:
  EasySequence:
    :path: "../"

SPEC CHECKSUMS:
  EasySequence: 4f263e1b96c4b7fdaa07f280bb112d7b0f815827
  Nimble: 9c6651c3021af6de54c3ed90a4a0a87d548f7359
  Quick: 58d203b1c5e27fff7229c4c1ae445ad7069a7a08

PODFILE CHECKSUM: d2ab43030b4ca9f246e6fc857f9dd544b13921c6

COCOAPODS: 1.5.3
