// !$*UTF8*$!
{
	archiveVersion = 1;
	classes = {
	};
	objectVersion = 46;
	objects = {

/* Begin PBXBuildFile section */
		220AA3D42090956700F8378B /* EZSequenceOperationSpec.m in Sources */ = {isa = PBXBuildFile; fileRef = 220AA3D32090956700F8378B /* EZSequenceOperationSpec.m */; };
		6003F5B0195388D20070C39A /* XCTest.framework in Frameworks */ = {isa = PBXBuildFile; fileRef = 6003F5AF195388D20070C39A /* XCTest.framework */; };
		6003F5B1195388D20070C39A /* Foundation.framework in Frameworks */ = {isa = PBXBuildFile; fileRef = 6003F58D195388D20070C39A /* Foundation.framework */; };
		6003F5B2195388D20070C39A /* UIKit.framework in Frameworks */ = {isa = PBXBuildFile; fileRef = 6003F591195388D20070C39A /* UIKit.framework */; };
		6003F5BA195388D20070C39A /* InfoPlist.strings in Resources */ = {isa = PBXBuildFile; fileRef = 6003F5B8195388D20070C39A /* InfoPlist.strings */; };
		6003F5BC195388D20070C39A /* EZSequenceSpec.m in Sources */ = {isa = PBXBuildFile; fileRef = 6003F5BB195388D20070C39A /* EZSequenceSpec.m */; };
		8311B064267686A1230199AA /* Pods_iOSTest.framework in Frameworks */ = {isa = PBXBuildFile; fileRef = ABB4227B3716D6885C2DF798 /* Pods_iOSTest.framework */; };
		CE591AA92099693900EEB014 /* EZSQueueSpec.m in Sources */ = {isa = PBXBuildFile; fileRef = CE591AA82099693900EEB014 /* EZSQueueSpec.m */; };
		CE591AAB2099900A00EEB014 /* EZSUsefulBlocksSpec.m in Sources */ = {isa = PBXBuildFile; fileRef = CE591AAA2099900A00EEB014 /* EZSUsefulBlocksSpec.m */; };
		CE591AAF2099944B00EEB014 /* AssertionHandler.m in Sources */ = {isa = PBXBuildFile; fileRef = CE591AAD2099944B00EEB014 /* AssertionHandler.m */; };
		CE591AB22099946300EEB014 /* CustomMatchers.m in Sources */ = {isa = PBXBuildFile; fileRef = CE591AB02099946300EEB014 /* CustomMatchers.m */; };
		CE591AB4209994C000EEB014 /* hasAssert.swift in Sources */ = {isa = PBXBuildFile; fileRef = CE591AB3209994C000EEB014 /* hasAssert.swift */; };
		CE591ABA209996B700EEB014 /* TestObject.m in Sources */ = {isa = PBXBuildFile; fileRef = CE591AB9209996B700EEB014 /* TestObject.m */; };
		CE591ABC209AB9FB00EEB014 /* EZSWeakOrderedSet.m in Sources */ = {isa = PBXBuildFile; fileRef = CE591ABB209AB9FB00EEB014 /* EZSWeakOrderedSet.m */; };
		CE591ABE209B43A100EEB014 /* beReleasedCorrectly.swift in Sources */ = {isa = PBXBuildFile; fileRef = CE591ABD209B43A100EEB014 /* beReleasedCorrectly.swift */; };
		CE591ACB209C390900EEB014 /* AppDelegate.m in Sources */ = {isa = PBXBuildFile; fileRef = CE591ACA209C390900EEB014 /* AppDelegate.m */; };
		CE591ACE209C390900EEB014 /* ViewController.m in Sources */ = {isa = PBXBuildFile; fileRef = CE591ACD209C390900EEB014 /* ViewController.m */; };
		CE591AD1209C390900EEB014 /* Main.storyboard in Resources */ = {isa = PBXBuildFile; fileRef = CE591ACF209C390900EEB014 /* Main.storyboard */; };
		CE591AD3209C390B00EEB014 /* Assets.xcassets in Resources */ = {isa = PBXBuildFile; fileRef = CE591AD2209C390B00EEB014 /* Assets.xcassets */; };
		CE591AD6209C390B00EEB014 /* LaunchScreen.storyboard in Resources */ = {isa = PBXBuildFile; fileRef = CE591AD4209C390B00EEB014 /* LaunchScreen.storyboard */; };
		CE591AD9209C390B00EEB014 /* main.m in Sources */ = {isa = PBXBuildFile; fileRef = CE591AD8209C390B00EEB014 /* main.m */; };
		DB6EA69CB414EC9C3009F86B /* Pods_Example.framework in Frameworks */ = {isa = PBXBuildFile; fileRef = 2667B9AE1E56572F15A942CA /* Pods_Example.framework */; };
		DD43B19520949687003BB8E0 /* EZSArraySpec.m in Sources */ = {isa = PBXBuildFile; fileRef = DD43B19420949687003BB8E0 /* EZSArraySpec.m */; };
		DD43B19720949698003BB8E0 /* EZSWeakArraySpec.m in Sources */ = {isa = PBXBuildFile; fileRef = DD43B19620949698003BB8E0 /* EZSWeakArraySpec.m */; };
		DD43B19D2099A04E003BB8E0 /* EZSOrderedSet.m in Sources */ = {isa = PBXBuildFile; fileRef = DD43B19C2099A04E003BB8E0 /* EZSOrderedSet.m */; };
		DD5064C720A182EC000F0780 /* CHANGELOG.md in Resources */ = {isa = PBXBuildFile; fileRef = DD5064C620A182EC000F0780 /* CHANGELOG.md */; };
/* End PBXBuildFile section */

/* Begin PBXFileReference section */
		1137B77EF8FA6647198EF7B5 /* Pods-iOSTest.debug.xcconfig */ = {isa = PBXFileReference; includeInIndex = 1; lastKnownFileType = text.xcconfig; name = "Pods-iOSTest.debug.xcconfig"; path = "Pods/Target Support Files/Pods-iOSTest/Pods-iOSTest.debug.xcconfig"; sourceTree = "<group>"; };
		220AA3D32090956700F8378B /* EZSequenceOperationSpec.m */ = {isa = PBXFileReference; lastKnownFileType = sourcecode.c.objc; path = EZSequenceOperationSpec.m; sourceTree = "<group>"; };
		221D9422208EE86A00C8FF30 /* EasySequence.framework */ = {isa = PBXFileReference; explicitFileType = wrapper.framework; path = EasySequence.framework; sourceTree = BUILT_PRODUCTS_DIR; };
		222BF5D0208EEA0500E409DB /* EasySequence.framework */ = {isa = PBXFileReference; explicitFileType = wrapper.framework; path = EasySequence.framework; sourceTree = BUILT_PRODUCTS_DIR; };
		2667B9AE1E56572F15A942CA /* Pods_Example.framework */ = {isa = PBXFileReference; explicitFileType = wrapper.framework; includeInIndex = 0; path = Pods_Example.framework; sourceTree = BUILT_PRODUCTS_DIR; };
		6003F58D195388D20070C39A /* Foundation.framework */ = {isa = PBXFileReference; lastKnownFileType = wrapper.framework; name = Foundation.framework; path = System/Library/Frameworks/Foundation.framework; sourceTree = SDKROOT; };
		6003F58F195388D20070C39A /* CoreGraphics.framework */ = {isa = PBXFileReference; lastKnownFileType = wrapper.framework; name = CoreGraphics.framework; path = System/Library/Frameworks/CoreGraphics.framework; sourceTree = SDKROOT; };
		6003F591195388D20070C39A /* UIKit.framework */ = {isa = PBXFileReference; lastKnownFileType = wrapper.framework; name = UIKit.framework; path = System/Library/Frameworks/UIKit.framework; sourceTree = SDKROOT; };
		6003F5AE195388D20070C39A /* iOSTest.xctest */ = {isa = PBXFileReference; explicitFileType = wrapper.cfbundle; includeInIndex = 0; path = iOSTest.xctest; sourceTree = BUILT_PRODUCTS_DIR; };
		6003F5AF195388D20070C39A /* XCTest.framework */ = {isa = PBXFileReference; lastKnownFileType = wrapper.framework; name = XCTest.framework; path = Library/Frameworks/XCTest.framework; sourceTree = DEVELOPER_DIR; };
		6003F5B7195388D20070C39A /* Tests-Info.plist */ = {isa = PBXFileReference; lastKnownFileType = text.plist.xml; path = "Tests-Info.plist"; sourceTree = "<group>"; };
		6003F5B9195388D20070C39A /* en */ = {isa = PBXFileReference; lastKnownFileType = text.plist.strings; name = en; path = en.lproj/InfoPlist.strings; sourceTree = "<group>"; };
		6003F5BB195388D20070C39A /* EZSequenceSpec.m */ = {isa = PBXFileReference; lastKnownFileType = sourcecode.c.objc; path = EZSequenceSpec.m; sourceTree = "<group>"; };
		606FC2411953D9B200FFA9A0 /* Tests-Prefix.pch */ = {isa = PBXFileReference; lastKnownFileType = sourcecode.c.h; path = "Tests-Prefix.pch"; sourceTree = "<group>"; };
		A13A23222590191F144E8585 /* Pods-Example.release.xcconfig */ = {isa = PBXFileReference; includeInIndex = 1; lastKnownFileType = text.xcconfig; name = "Pods-Example.release.xcconfig"; path = "Pods/Target Support Files/Pods-Example/Pods-Example.release.xcconfig"; sourceTree = "<group>"; };
		ABB4227B3716D6885C2DF798 /* Pods_iOSTest.framework */ = {isa = PBXFileReference; explicitFileType = wrapper.framework; includeInIndex = 0; path = Pods_iOSTest.framework; sourceTree = BUILT_PRODUCTS_DIR; };
		C1C59886039A9CCA7E70B994 /* LICENSE */ = {isa = PBXFileReference; includeInIndex = 1; lastKnownFileType = text; name = LICENSE; path = ../LICENSE; sourceTree = "<group>"; };
		CE591AA82099693900EEB014 /* EZSQueueSpec.m */ = {isa = PBXFileReference; lastKnownFileType = sourcecode.c.objc; path = EZSQueueSpec.m; sourceTree = "<group>"; };
		CE591AAA2099900A00EEB014 /* EZSUsefulBlocksSpec.m */ = {isa = PBXFileReference; lastKnownFileType = sourcecode.c.objc; path = EZSUsefulBlocksSpec.m; sourceTree = "<group>"; };
		CE591AAD2099944B00EEB014 /* AssertionHandler.m */ = {isa = PBXFileReference; fileEncoding = 4; lastKnownFileType = sourcecode.c.objc; path = AssertionHandler.m; sourceTree = "<group>"; };
		CE591AAE2099944B00EEB014 /* AssertionHandler.h */ = {isa = PBXFileReference; fileEncoding = 4; lastKnownFileType = sourcecode.c.h; path = AssertionHandler.h; sourceTree = "<group>"; };
		CE591AB02099946300EEB014 /* CustomMatchers.m */ = {isa = PBXFileReference; fileEncoding = 4; lastKnownFileType = sourcecode.c.objc; path = CustomMatchers.m; sourceTree = "<group>"; };
		CE591AB12099946300EEB014 /* CustomMatchers.h */ = {isa = PBXFileReference; fileEncoding = 4; lastKnownFileType = sourcecode.c.h; path = CustomMatchers.h; sourceTree = "<group>"; };
		CE591AB3209994C000EEB014 /* hasAssert.swift */ = {isa = PBXFileReference; fileEncoding = 4; lastKnownFileType = sourcecode.swift; path = hasAssert.swift; sourceTree = "<group>"; };
		CE591AB72099963F00EEB014 /* iOSTest-Bridging-Header.h */ = {isa = PBXFileReference; lastKnownFileType = sourcecode.c.h; path = "iOSTest-Bridging-Header.h"; sourceTree = "<group>"; };
		CE591AB8209996B700EEB014 /* TestObject.h */ = {isa = PBXFileReference; lastKnownFileType = sourcecode.c.h; path = TestObject.h; sourceTree = "<group>"; };
		CE591AB9209996B700EEB014 /* TestObject.m */ = {isa = PBXFileReference; lastKnownFileType = sourcecode.c.objc; path = TestObject.m; sourceTree = "<group>"; };
		CE591ABB209AB9FB00EEB014 /* EZSWeakOrderedSet.m */ = {isa = PBXFileReference; fileEncoding = 4; lastKnownFileType = sourcecode.c.objc; path = EZSWeakOrderedSet.m; sourceTree = "<group>"; };
		CE591ABD209B43A100EEB014 /* beReleasedCorrectly.swift */ = {isa = PBXFileReference; fileEncoding = 4; lastKnownFileType = sourcecode.swift; path = beReleasedCorrectly.swift; sourceTree = "<group>"; };
		CE591AC7209C390900EEB014 /* Example.app */ = {isa = PBXFileReference; explicitFileType = wrapper.application; includeInIndex = 0; path = Example.app; sourceTree = BUILT_PRODUCTS_DIR; };
		CE591AC9209C390900EEB014 /* AppDelegate.h */ = {isa = PBXFileReference; lastKnownFileType = sourcecode.c.h; path = AppDelegate.h; sourceTree = "<group>"; };
		CE591ACA209C390900EEB014 /* AppDelegate.m */ = {isa = PBXFileReference; lastKnownFileType = sourcecode.c.objc; path = AppDelegate.m; sourceTree = "<group>"; };
		CE591ACC209C390900EEB014 /* ViewController.h */ = {isa = PBXFileReference; lastKnownFileType = sourcecode.c.h; path = ViewController.h; sourceTree = "<group>"; };
		CE591ACD209C390900EEB014 /* ViewController.m */ = {isa = PBXFileReference; lastKnownFileType = sourcecode.c.objc; path = ViewController.m; sourceTree = "<group>"; };
		CE591AD0209C390900EEB014 /* Base */ = {isa = PBXFileReference; lastKnownFileType = file.storyboard; name = Base; path = Base.lproj/Main.storyboard; sourceTree = "<group>"; };
		CE591AD2209C390B00EEB014 /* Assets.xcassets */ = {isa = PBXFileReference; lastKnownFileType = folder.assetcatalog; path = Assets.xcassets; sourceTree = "<group>"; };
		CE591AD5209C390B00EEB014 /* Base */ = {isa = PBXFileReference; lastKnownFileType = file.storyboard; name = Base; path = Base.lproj/LaunchScreen.storyboard; sourceTree = "<group>"; };
		CE591AD7209C390B00EEB014 /* Info.plist */ = {isa = PBXFileReference; lastKnownFileType = text.plist.xml; path = Info.plist; sourceTree = "<group>"; };
		CE591AD8209C390B00EEB014 /* main.m */ = {isa = PBXFileReference; lastKnownFileType = sourcecode.c.objc; path = main.m; sourceTree = "<group>"; };
		CE7E84D2F8AFA74762E5D898 /* Pods-iOSTest.release.xcconfig */ = {isa = PBXFileReference; includeInIndex = 1; lastKnownFileType = text.xcconfig; name = "Pods-iOSTest.release.xcconfig"; path = "Pods/Target Support Files/Pods-iOSTest/Pods-iOSTest.release.xcconfig"; sourceTree = "<group>"; };
		DD43B19420949687003BB8E0 /* EZSArraySpec.m */ = {isa = PBXFileReference; lastKnownFileType = sourcecode.c.objc; path = EZSArraySpec.m; sourceTree = "<group>"; };
		DD43B19620949698003BB8E0 /* EZSWeakArraySpec.m */ = {isa = PBXFileReference; lastKnownFileType = sourcecode.c.objc; path = EZSWeakArraySpec.m; sourceTree = "<group>"; };
		DD43B19C2099A04E003BB8E0 /* EZSOrderedSet.m */ = {isa = PBXFileReference; lastKnownFileType = sourcecode.c.objc; path = EZSOrderedSet.m; sourceTree = "<group>"; };
		DD5064C620A182EC000F0780 /* CHANGELOG.md */ = {isa = PBXFileReference; fileEncoding = 4; lastKnownFileType = net.daringfireball.markdown; name = CHANGELOG.md; path = ../CHANGELOG.md; sourceTree = "<group>"; };
		E54A3517CDB72CDAC14F258C /* README.md */ = {isa = PBXFileReference; includeInIndex = 1; lastKnownFileType = net.daringfireball.markdown; name = README.md; path = ../README.md; sourceTree = "<group>"; };
		E95241B0219644A873B9B483 /* Pods-Example.debug.xcconfig */ = {isa = PBXFileReference; includeInIndex = 1; lastKnownFileType = text.xcconfig; name = "Pods-Example.debug.xcconfig"; path = "Pods/Target Support Files/Pods-Example/Pods-Example.debug.xcconfig"; sourceTree = "<group>"; };
		F919B56E0C334E38BC8DD646 /* EasySequence.podspec */ = {isa = PBXFileReference; explicitFileType = text.script.ruby; includeInIndex = 1; name = EasySequence.podspec; path = ../EasySequence.podspec; sourceTree = "<group>"; xcLanguageSpecificationIdentifier = xcode.lang.ruby; };
/* End PBXFileReference section */

/* Begin PBXFrameworksBuildPhase section */
		6003F5AB195388D20070C39A /* Frameworks */ = {
			isa = PBXFrameworksBuildPhase;
			buildActionMask = 2147483647;
			files = (
				6003F5B0195388D20070C39A /* XCTest.framework in Frameworks */,
				6003F5B2195388D20070C39A /* UIKit.framework in Frameworks */,
				6003F5B1195388D20070C39A /* Foundation.framework in Frameworks */,
				8311B064267686A1230199AA /* Pods_iOSTest.framework in Frameworks */,
			);
			runOnlyForDeploymentPostprocessing = 0;
		};
		CE591AC4209C390900EEB014 /* Frameworks */ = {
			isa = PBXFrameworksBuildPhase;
			buildActionMask = 2147483647;
			files = (
				DB6EA69CB414EC9C3009F86B /* Pods_Example.framework in Frameworks */,
			);
			runOnlyForDeploymentPostprocessing = 0;
		};
/* End PBXFrameworksBuildPhase section */

/* Begin PBXGroup section */
		6003F581195388D10070C39A = {
			isa = PBXGroup;
			children = (
				60FF7A9C1954A5C5007DD14C /* Podspec Metadata */,
				CE591AC8209C390900EEB014 /* Example */,
				6003F5B5195388D20070C39A /* Tests */,
				6003F58C195388D20070C39A /* Frameworks */,
				6003F58B195388D20070C39A /* Products */,
				EF432DC21535AEC240EBAA13 /* Pods */,
			);
			sourceTree = "<group>";
		};
		6003F58B195388D20070C39A /* Products */ = {
			isa = PBXGroup;
			children = (
				6003F5AE195388D20070C39A /* iOSTest.xctest */,
				CE591AC7209C390900EEB014 /* Example.app */,
			);
			name = Products;
			sourceTree = "<group>";
		};
		6003F58C195388D20070C39A /* Frameworks */ = {
			isa = PBXGroup;
			children = (
				222BF5D0208EEA0500E409DB /* EasySequence.framework */,
				221D9422208EE86A00C8FF30 /* EasySequence.framework */,
				6003F58D195388D20070C39A /* Foundation.framework */,
				6003F58F195388D20070C39A /* CoreGraphics.framework */,
				6003F591195388D20070C39A /* UIKit.framework */,
				6003F5AF195388D20070C39A /* XCTest.framework */,
				2667B9AE1E56572F15A942CA /* Pods_Example.framework */,
				ABB4227B3716D6885C2DF798 /* Pods_iOSTest.framework */,
			);
			name = Frameworks;
			sourceTree = "<group>";
		};
		6003F5B5195388D20070C39A /* Tests */ = {
			isa = PBXGroup;
			children = (
				6003F5B6195388D20070C39A /* Supporting Files */,
				6003F5BB195388D20070C39A /* EZSequenceSpec.m */,
				220AA3D32090956700F8378B /* EZSequenceOperationSpec.m */,
				DD43B19420949687003BB8E0 /* EZSArraySpec.m */,
				DD43B19620949698003BB8E0 /* EZSWeakArraySpec.m */,
				DD43B19C2099A04E003BB8E0 /* EZSOrderedSet.m */,
				CE591ABB209AB9FB00EEB014 /* EZSWeakOrderedSet.m */,
				CE591AA82099693900EEB014 /* EZSQueueSpec.m */,
				CE591AAA2099900A00EEB014 /* EZSUsefulBlocksSpec.m */,
				CE591AB72099963F00EEB014 /* iOSTest-Bridging-Header.h */,
			);
			path = Tests;
			sourceTree = "<group>";
		};
		6003F5B6195388D20070C39A /* Supporting Files */ = {
			isa = PBXGroup;
			children = (
				CE591AAC2099943F00EEB014 /* Matchers */,
				6003F5B7195388D20070C39A /* Tests-Info.plist */,
				6003F5B8195388D20070C39A /* InfoPlist.strings */,
				606FC2411953D9B200FFA9A0 /* Tests-Prefix.pch */,
			);
			name = "Supporting Files";
			sourceTree = "<group>";
		};
		60FF7A9C1954A5C5007DD14C /* Podspec Metadata */ = {
			isa = PBXGroup;
			children = (
				DD5064C620A182EC000F0780 /* CHANGELOG.md */,
				F919B56E0C334E38BC8DD646 /* EasySequence.podspec */,
				E54A3517CDB72CDAC14F258C /* README.md */,
				C1C59886039A9CCA7E70B994 /* LICENSE */,
			);
			name = "Podspec Metadata";
			sourceTree = "<group>";
		};
		CE591AAC2099943F00EEB014 /* Matchers */ = {
			isa = PBXGroup;
			children = (
				CE591ABD209B43A100EEB014 /* beReleasedCorrectly.swift */,
				CE591AB3209994C000EEB014 /* hasAssert.swift */,
				CE591AB12099946300EEB014 /* CustomMatchers.h */,
				CE591AB02099946300EEB014 /* CustomMatchers.m */,
				CE591AAE2099944B00EEB014 /* AssertionHandler.h */,
				CE591AAD2099944B00EEB014 /* AssertionHandler.m */,
				CE591AB8209996B700EEB014 /* TestObject.h */,
				CE591AB9209996B700EEB014 /* TestObject.m */,
			);
			name = Matchers;
			sourceTree = "<group>";
		};
		CE591AC8209C390900EEB014 /* Example */ = {
			isa = PBXGroup;
			children = (
				CE591AC9209C390900EEB014 /* AppDelegate.h */,
				CE591ACA209C390900EEB014 /* AppDelegate.m */,
				CE591ACC209C390900EEB014 /* ViewController.h */,
				CE591ACD209C390900EEB014 /* ViewController.m */,
				CE591ACF209C390900EEB014 /* Main.storyboard */,
				CE591AD2209C390B00EEB014 /* Assets.xcassets */,
				CE591AD4209C390B00EEB014 /* LaunchScreen.storyboard */,
				CE591AD7209C390B00EEB014 /* Info.plist */,
				CE591AD8209C390B00EEB014 /* main.m */,
			);
			path = Example;
			sourceTree = "<group>";
		};
		EF432DC21535AEC240EBAA13 /* Pods */ = {
			isa = PBXGroup;
			children = (
				E95241B0219644A873B9B483 /* Pods-Example.debug.xcconfig */,
				A13A23222590191F144E8585 /* Pods-Example.release.xcconfig */,
				1137B77EF8FA6647198EF7B5 /* Pods-iOSTest.debug.xcconfig */,
				CE7E84D2F8AFA74762E5D898 /* Pods-iOSTest.release.xcconfig */,
			);
			name = Pods;
			sourceTree = "<group>";
		};
/* End PBXGroup section */

/* Begin PBXNativeTarget section */
		6003F5AD195388D20070C39A /* iOSTest */ = {
			isa = PBXNativeTarget;
			buildConfigurationList = 6003F5C2195388D20070C39A /* Build configuration list for PBXNativeTarget "iOSTest" */;
			buildPhases = (
				DFA1BF8FD5F59B1477835B12 /* [CP] Check Pods Manifest.lock */,
				6003F5AA195388D20070C39A /* Sources */,
				6003F5AB195388D20070C39A /* Frameworks */,
				6003F5AC195388D20070C39A /* Resources */,
				EFA05D619873810AA1035081 /* [CP] Embed Pods Frameworks */,
			);
			buildRules = (
			);
			dependencies = (
			);
			name = iOSTest;
			productName = EasySequenceTests;
			productReference = 6003F5AE195388D20070C39A /* iOSTest.xctest */;
			productType = "com.apple.product-type.bundle.unit-test";
		};
		CE591AC6209C390900EEB014 /* Example */ = {
			isa = PBXNativeTarget;
			buildConfigurationList = CE591ADC209C390B00EEB014 /* Build configuration list for PBXNativeTarget "Example" */;
			buildPhases = (
				325C3C7CD9E8CB94161FE24F /* [CP] Check Pods Manifest.lock */,
				CE591AC3209C390900EEB014 /* Sources */,
				CE591AC4209C390900EEB014 /* Frameworks */,
				CE591AC5209C390900EEB014 /* Resources */,
			);
			buildRules = (
			);
			dependencies = (
			);
			name = Example;
			productName = Example;
			productReference = CE591AC7209C390900EEB014 /* Example.app */;
			productType = "com.apple.product-type.application";
		};
/* End PBXNativeTarget section */

/* Begin PBXProject section */
		6003F582195388D10070C39A /* Project object */ = {
			isa = PBXProject;
			attributes = {
				CLASSPREFIX = EZS;
				LastUpgradeCheck = 0930;
				ORGANIZATIONNAME = "William Zang";
				TargetAttributes = {
					6003F5AD195388D20070C39A = {
						LastSwiftMigration = 0930;
					};
					CE591AC6209C390900EEB014 = {
						CreatedOnToolsVersion = 9.3;
						ProvisioningStyle = Automatic;
					};
				};
			};
			buildConfigurationList = 6003F585195388D10070C39A /* Build configuration list for PBXProject "EasySequence" */;
			compatibilityVersion = "Xcode 3.2";
			developmentRegion = English;
			hasScannedForEncodings = 0;
			knownRegions = (
				en,
				Base,
			);
			mainGroup = 6003F581195388D10070C39A;
			productRefGroup = 6003F58B195388D20070C39A /* Products */;
			projectDirPath = "";
			projectRoot = "";
			targets = (
				6003F5AD195388D20070C39A /* iOSTest */,
				CE591AC6209C390900EEB014 /* Example */,
			);
		};
/* End PBXProject section */

/* Begin PBXResourcesBuildPhase section */
		6003F5AC195388D20070C39A /* Resources */ = {
			isa = PBXResourcesBuildPhase;
			buildActionMask = 2147483647;
			files = (
				6003F5BA195388D20070C39A /* InfoPlist.strings in Resources */,
				DD5064C720A182EC000F0780 /* CHANGELOG.md in Resources */,
			);
			runOnlyForDeploymentPostprocessing = 0;
		};
		CE591AC5209C390900EEB014 /* Resources */ = {
			isa = PBXResourcesBuildPhase;
			buildActionMask = 2147483647;
			files = (
				CE591AD6209C390B00EEB014 /* LaunchScreen.storyboard in Resources */,
				CE591AD3209C390B00EEB014 /* Assets.xcassets in Resources */,
				CE591AD1209C390900EEB014 /* Main.storyboard in Resources */,
			);
			runOnlyForDeploymentPostprocessing = 0;
		};
/* End PBXResourcesBuildPhase section */

/* Begin PBXShellScriptBuildPhase section */
		325C3C7CD9E8CB94161FE24F /* [CP] Check Pods Manifest.lock */ = {
			isa = PBXShellScriptBuildPhase;
			buildActionMask = 2147483647;
			files = (
			);
			inputPaths = (
				"${PODS_PODFILE_DIR_PATH}/Podfile.lock",
				"${PODS_ROOT}/Manifest.lock",
			);
			name = "[CP] Check Pods Manifest.lock";
			outputPaths = (
				"$(DERIVED_FILE_DIR)/Pods-Example-checkManifestLockResult.txt",
			);
			runOnlyForDeploymentPostprocessing = 0;
			shellPath = /bin/sh;
			shellScript = "diff \"${PODS_PODFILE_DIR_PATH}/Podfile.lock\" \"${PODS_ROOT}/Manifest.lock\" > /dev/null\nif [ $? != 0 ] ; then\n    # print error to STDERR\n    echo \"error: The sandbox is not in sync with the Podfile.lock. Run 'pod install' or update your CocoaPods installation.\" >&2\n    exit 1\nfi\n# This output is used by Xcode 'outputs' to avoid re-running this script phase.\necho \"SUCCESS\" > \"${SCRIPT_OUTPUT_FILE_0}\"\n";
			showEnvVarsInLog = 0;
		};
		DFA1BF8FD5F59B1477835B12 /* [CP] Check Pods Manifest.lock */ = {
			isa = PBXShellScriptBuildPhase;
			buildActionMask = 2147483647;
			files = (
			);
			inputPaths = (
				"${PODS_PODFILE_DIR_PATH}/Podfile.lock",
				"${PODS_ROOT}/Manifest.lock",
			);
			name = "[CP] Check Pods Manifest.lock";
			outputPaths = (
				"$(DERIVED_FILE_DIR)/Pods-iOSTest-checkManifestLockResult.txt",
			);
			runOnlyForDeploymentPostprocessing = 0;
			shellPath = /bin/sh;
			shellScript = "diff \"${PODS_PODFILE_DIR_PATH}/Podfile.lock\" \"${PODS_ROOT}/Manifest.lock\" > /dev/null\nif [ $? != 0 ] ; then\n    # print error to STDERR\n    echo \"error: The sandbox is not in sync with the Podfile.lock. Run 'pod install' or update your CocoaPods installation.\" >&2\n    exit 1\nfi\n# This output is used by Xcode 'outputs' to avoid re-running this script phase.\necho \"SUCCESS\" > \"${SCRIPT_OUTPUT_FILE_0}\"\n";
			showEnvVarsInLog = 0;
		};
		EFA05D619873810AA1035081 /* [CP] Embed Pods Frameworks */ = {
			isa = PBXShellScriptBuildPhase;
			buildActionMask = 2147483647;
			files = (
			);
			inputPaths = (
				"${SRCROOT}/Pods/Target Support Files/Pods-iOSTest/Pods-iOSTest-frameworks.sh",
				"${BUILT_PRODUCTS_DIR}/EasySequence/EasySequence.framework",
				"${BUILT_PRODUCTS_DIR}/Nimble/Nimble.framework",
				"${BUILT_PRODUCTS_DIR}/Quick/Quick.framework",
			);
			name = "[CP] Embed Pods Frameworks";
			outputPaths = (
				"${TARGET_BUILD_DIR}/${FRAMEWORKS_FOLDER_PATH}/EasySequence.framework",
				"${TARGET_BUILD_DIR}/${FRAMEWORKS_FOLDER_PATH}/Nimble.framework",
				"${TARGET_BUILD_DIR}/${FRAMEWORKS_FOLDER_PATH}/Quick.framework",
			);
			runOnlyForDeploymentPostprocessing = 0;
			shellPath = /bin/sh;
			shellScript = "\"${SRCROOT}/Pods/Target Support Files/Pods-iOSTest/Pods-iOSTest-frameworks.sh\"\n";
			showEnvVarsInLog = 0;
		};
/* End PBXShellScriptBuildPhase section */

/* Begin PBXSourcesBuildPhase section */
		6003F5AA195388D20070C39A /* Sources */ = {
			isa = PBXSourcesBuildPhase;
			buildActionMask = 2147483647;
			files = (
				DD43B19D2099A04E003BB8E0 /* EZSOrderedSet.m in Sources */,
				220AA3D42090956700F8378B /* EZSequenceOperationSpec.m in Sources */,
				CE591AAB2099900A00EEB014 /* EZSUsefulBlocksSpec.m in Sources */,
				CE591ABA209996B700EEB014 /* TestObject.m in Sources */,
				CE591AAF2099944B00EEB014 /* AssertionHandler.m in Sources */,
				CE591ABC209AB9FB00EEB014 /* EZSWeakOrderedSet.m in Sources */,
				DD43B19720949698003BB8E0 /* EZSWeakArraySpec.m in Sources */,
				6003F5BC195388D20070C39A /* EZSequenceSpec.m in Sources */,
				CE591AB22099946300EEB014 /* CustomMatchers.m in Sources */,
				CE591AA92099693900EEB014 /* EZSQueueSpec.m in Sources */,
				CE591AB4209994C000EEB014 /* hasAssert.swift in Sources */,
				CE591ABE209B43A100EEB014 /* beReleasedCorrectly.swift in Sources */,
				DD43B19520949687003BB8E0 /* EZSArraySpec.m in Sources */,
			);
			runOnlyForDeploymentPostprocessing = 0;
		};
		CE591AC3209C390900EEB014 /* Sources */ = {
			isa = PBXSourcesBuildPhase;
			buildActionMask = 2147483647;
			files = (
				CE591ACE209C390900EEB014 /* ViewController.m in Sources */,
				CE591AD9209C390B00EEB014 /* main.m in Sources */,
				CE591ACB209C390900EEB014 /* AppDelegate.m in Sources */,
			);
			runOnlyForDeploymentPostprocessing = 0;
		};
/* End PBXSourcesBuildPhase section */

/* Begin PBXVariantGroup section */
		6003F5B8195388D20070C39A /* InfoPlist.strings */ = {
			isa = PBXVariantGroup;
			children = (
				6003F5B9195388D20070C39A /* en */,
			);
			name = InfoPlist.strings;
			sourceTree = "<group>";
		};
		CE591ACF209C390900EEB014 /* Main.storyboard */ = {
			isa = PBXVariantGroup;
			children = (
				CE591AD0209C390900EEB014 /* Base */,
			);
			name = Main.storyboard;
			sourceTree = "<group>";
		};
		CE591AD4209C390B00EEB014 /* LaunchScreen.storyboard */ = {
			isa = PBXVariantGroup;
			children = (
				CE591AD5209C390B00EEB014 /* Base */,
			);
			name = LaunchScreen.storyboard;
			sourceTree = "<group>";
		};
/* End PBXVariantGroup section */

/* Begin XCBuildConfiguration section */
		6003F5BD195388D20070C39A /* Debug */ = {
			isa = XCBuildConfiguration;
			buildSettings = {
				ALWAYS_SEARCH_USER_PATHS = NO;
				CLANG_CXX_LANGUAGE_STANDARD = "gnu++0x";
				CLANG_CXX_LIBRARY = "libc++";
				CLANG_ENABLE_MODULES = YES;
				CLANG_ENABLE_OBJC_ARC = YES;
				CLANG_WARN_BLOCK_CAPTURE_AUTORELEASING = YES;
				CLANG_WARN_BOOL_CONVERSION = YES;
				CLANG_WARN_COMMA = YES;
				CLANG_WARN_CONSTANT_CONVERSION = YES;
				CLANG_WARN_DEPRECATED_OBJC_IMPLEMENTATIONS = YES;
				CLANG_WARN_DIRECT_OBJC_ISA_USAGE = YES_ERROR;
				CLANG_WARN_EMPTY_BODY = YES;
				CLANG_WARN_ENUM_CONVERSION = YES;
				CLANG_WARN_INFINITE_RECURSION = YES;
				CLANG_WARN_INT_CONVERSION = YES;
				CLANG_WARN_NON_LITERAL_NULL_CONVERSION = YES;
				CLANG_WARN_OBJC_IMPLICIT_RETAIN_SELF = YES;
				CLANG_WARN_OBJC_LITERAL_CONVERSION = YES;
				CLANG_WARN_OBJC_ROOT_CLASS = YES_ERROR;
				CLANG_WARN_RANGE_LOOP_ANALYSIS = YES;
				CLANG_WARN_STRICT_PROTOTYPES = YES;
				CLANG_WARN_SUSPICIOUS_MOVE = YES;
				CLANG_WARN_UNREACHABLE_CODE = YES;
				CLANG_WARN__DUPLICATE_METHOD_MATCH = YES;
				"CODE_SIGN_IDENTITY[sdk=iphoneos*]" = "iPhone Developer";
				COPY_PHASE_STRIP = NO;
				ENABLE_STRICT_OBJC_MSGSEND = YES;
				ENABLE_TESTABILITY = YES;
				GCC_C_LANGUAGE_STANDARD = gnu99;
				GCC_DYNAMIC_NO_PIC = NO;
				GCC_NO_COMMON_BLOCKS = YES;
				GCC_OPTIMIZATION_LEVEL = 0;
				GCC_PREPROCESSOR_DEFINITIONS = (
					"DEBUG=1",
					"$(inherited)",
				);
				GCC_SYMBOLS_PRIVATE_EXTERN = NO;
				GCC_WARN_64_TO_32_BIT_CONVERSION = YES;
				GCC_WARN_ABOUT_RETURN_TYPE = YES_ERROR;
				GCC_WARN_UNDECLARED_SELECTOR = YES;
				GCC_WARN_UNINITIALIZED_AUTOS = YES_AGGRESSIVE;
				GCC_WARN_UNUSED_FUNCTION = YES;
				GCC_WARN_UNUSED_VARIABLE = YES;
				IPHONEOS_DEPLOYMENT_TARGET = 9.3;
				ONLY_ACTIVE_ARCH = YES;
				SDKROOT = iphoneos;
				SWIFT_VERSION = 4.0;
				TARGETED_DEVICE_FAMILY = "1,2";
			};
			name = Debug;
		};
		6003F5BE195388D20070C39A /* Release */ = {
			isa = XCBuildConfiguration;
			buildSettings = {
				ALWAYS_SEARCH_USER_PATHS = NO;
				CLANG_CXX_LANGUAGE_STANDARD = "gnu++0x";
				CLANG_CXX_LIBRARY = "libc++";
				CLANG_ENABLE_MODULES = YES;
				CLANG_ENABLE_OBJC_ARC = YES;
				CLANG_WARN_BLOCK_CAPTURE_AUTORELEASING = YES;
				CLANG_WARN_BOOL_CONVERSION = YES;
				CLANG_WARN_COMMA = YES;
				CLANG_WARN_CONSTANT_CONVERSION = YES;
				CLANG_WARN_DEPRECATED_OBJC_IMPLEMENTATIONS = YES;
				CLANG_WARN_DIRECT_OBJC_ISA_USAGE = YES_ERROR;
				CLANG_WARN_EMPTY_BODY = YES;
				CLANG_WARN_ENUM_CONVERSION = YES;
				CLANG_WARN_INFINITE_RECURSION = YES;
				CLANG_WARN_INT_CONVERSION = YES;
				CLANG_WARN_NON_LITERAL_NULL_CONVERSION = YES;
				CLANG_WARN_OBJC_IMPLICIT_RETAIN_SELF = YES;
				CLANG_WARN_OBJC_LITERAL_CONVERSION = YES;
				CLANG_WARN_OBJC_ROOT_CLASS = YES_ERROR;
				CLANG_WARN_RANGE_LOOP_ANALYSIS = YES;
				CLANG_WARN_STRICT_PROTOTYPES = YES;
				CLANG_WARN_SUSPICIOUS_MOVE = YES;
				CLANG_WARN_UNREACHABLE_CODE = YES;
				CLANG_WARN__DUPLICATE_METHOD_MATCH = YES;
				"CODE_SIGN_IDENTITY[sdk=iphoneos*]" = "iPhone Developer";
				COPY_PHASE_STRIP = YES;
				ENABLE_NS_ASSERTIONS = NO;
				ENABLE_STRICT_OBJC_MSGSEND = YES;
				GCC_C_LANGUAGE_STANDARD = gnu99;
				GCC_NO_COMMON_BLOCKS = YES;
				GCC_WARN_64_TO_32_BIT_CONVERSION = YES;
				GCC_WARN_ABOUT_RETURN_TYPE = YES_ERROR;
				GCC_WARN_UNDECLARED_SELECTOR = YES;
				GCC_WARN_UNINITIALIZED_AUTOS = YES_AGGRESSIVE;
				GCC_WARN_UNUSED_FUNCTION = YES;
				GCC_WARN_UNUSED_VARIABLE = YES;
				IPHONEOS_DEPLOYMENT_TARGET = 9.3;
				SDKROOT = iphoneos;
				SWIFT_COMPILATION_MODE = wholemodule;
				SWIFT_VERSION = 4.0;
				TARGETED_DEVICE_FAMILY = "1,2";
				VALIDATE_PRODUCT = YES;
			};
			name = Release;
		};
		6003F5C3195388D20070C39A /* Debug */ = {
			isa = XCBuildConfiguration;
			baseConfigurationReference = 1137B77EF8FA6647198EF7B5 /* Pods-iOSTest.debug.xcconfig */;
			buildSettings = {
				CLANG_ENABLE_MODULES = YES;
				FRAMEWORK_SEARCH_PATHS = " $(inherited)";
				GCC_PRECOMPILE_PREFIX_HEADER = YES;
				GCC_PREFIX_HEADER = "Tests/Tests-Prefix.pch";
				GCC_PREPROCESSOR_DEFINITIONS = (
					"DEBUG=1",
					"$(inherited)",
				);
				INFOPLIST_FILE = "Tests/Tests-Info.plist";
				LD_RUNPATH_SEARCH_PATHS = "$(inherited) @executable_path/Frameworks @loader_path/Frameworks";
				PRODUCT_BUNDLE_IDENTIFIER = "org.cocoapods.demo.${PRODUCT_NAME:rfc1034identifier}";
				PRODUCT_NAME = "$(TARGET_NAME)";
				SWIFT_OBJC_BRIDGING_HEADER = "Tests/iOSTest-Bridging-Header.h";
				SWIFT_OPTIMIZATION_LEVEL = "-Onone";
				SWIFT_VERSION = 4.0;
				WRAPPER_EXTENSION = xctest;
			};
			name = Debug;
		};
		6003F5C4195388D20070C39A /* Release */ = {
			isa = XCBuildConfiguration;
			baseConfigurationReference = CE7E84D2F8AFA74762E5D898 /* Pods-iOSTest.release.xcconfig */;
			buildSettings = {
				CLANG_ENABLE_MODULES = YES;
				FRAMEWORK_SEARCH_PATHS = "$(inherited)";
				GCC_PRECOMPILE_PREFIX_HEADER = YES;
				GCC_PREFIX_HEADER = "Tests/Tests-Prefix.pch";
				INFOPLIST_FILE = "Tests/Tests-Info.plist";
				LD_RUNPATH_SEARCH_PATHS = "$(inherited) @executable_path/Frameworks @loader_path/Frameworks";
				PRODUCT_BUNDLE_IDENTIFIER = "org.cocoapods.demo.${PRODUCT_NAME:rfc1034identifier}";
				PRODUCT_NAME = "$(TARGET_NAME)";
				SWIFT_OBJC_BRIDGING_HEADER = "Tests/iOSTest-Bridging-Header.h";
				SWIFT_VERSION = 4.0;
				WRAPPER_EXTENSION = xctest;
			};
			name = Release;
		};
		CE591ADA209C390B00EEB014 /* Debug */ = {
			isa = XCBuildConfiguration;
			baseConfigurationReference = E95241B0219644A873B9B483 /* Pods-Example.debug.xcconfig */;
			buildSettings = {
				ASSETCATALOG_COMPILER_APPICON_NAME = AppIcon;
				CLANG_ANALYZER_NONNULL = YES;
				CLANG_ANALYZER_NUMBER_OBJECT_CONVERSION = YES_AGGRESSIVE;
				CLANG_CXX_LANGUAGE_STANDARD = "gnu++14";
				CLANG_ENABLE_OBJC_WEAK = YES;
				CLANG_WARN_DOCUMENTATION_COMMENTS = YES;
				CLANG_WARN_UNGUARDED_AVAILABILITY = YES_AGGRESSIVE;
				CODE_SIGN_IDENTITY = "iPhone Developer";
				CODE_SIGN_STYLE = Automatic;
				DEBUG_INFORMATION_FORMAT = dwarf;
				GCC_C_LANGUAGE_STANDARD = gnu11;
				INFOPLIST_FILE = Example/Info.plist;
				IPHONEOS_DEPLOYMENT_TARGET = 9.0;
				LD_RUNPATH_SEARCH_PATHS = "$(inherited) @executable_path/Frameworks";
				MTL_ENABLE_DEBUG_INFO = YES;
				PRODUCT_BUNDLE_IDENTIFIER = com.meituan.Example;
				PRODUCT_NAME = "$(TARGET_NAME)";
				TARGETED_DEVICE_FAMILY = "1,2";
			};
			name = Debug;
		};
		CE591ADB209C390B00EEB014 /* Release */ = {
			isa = XCBuildConfiguration;
			baseConfigurationReference = A13A23222590191F144E8585 /* Pods-Example.release.xcconfig */;
			buildSettings = {
				ASSETCATALOG_COMPILER_APPICON_NAME = AppIcon;
				CLANG_ANALYZER_NONNULL = YES;
				CLANG_ANALYZER_NUMBER_OBJECT_CONVERSION = YES_AGGRESSIVE;
				CLANG_CXX_LANGUAGE_STANDARD = "gnu++14";
				CLANG_ENABLE_OBJC_WEAK = YES;
				CLANG_WARN_DOCUMENTATION_COMMENTS = YES;
				CLANG_WARN_UNGUARDED_AVAILABILITY = YES_AGGRESSIVE;
				CODE_SIGN_IDENTITY = "iPhone Developer";
				CODE_SIGN_STYLE = Automatic;
				COPY_PHASE_STRIP = NO;
				DEBUG_INFORMATION_FORMAT = "dwarf-with-dsym";
				GCC_C_LANGUAGE_STANDARD = gnu11;
				INFOPLIST_FILE = Example/Info.plist;
				IPHONEOS_DEPLOYMENT_TARGET = 9.0;
				LD_RUNPATH_SEARCH_PATHS = "$(inherited) @executable_path/Frameworks";
				MTL_ENABLE_DEBUG_INFO = NO;
				PRODUCT_BUNDLE_IDENTIFIER = com.meituan.Example;
				PRODUCT_NAME = "$(TARGET_NAME)";
				TARGETED_DEVICE_FAMILY = "1,2";
			};
			name = Release;
		};
/* End XCBuildConfiguration section */

/* Begin XCConfigurationList section */
		6003F585195388D10070C39A /* Build configuration list for PBXProject "EasySequence" */ = {
			isa = XCConfigurationList;
			buildConfigurations = (
				6003F5BD195388D20070C39A /* Debug */,
				6003F5BE195388D20070C39A /* Release */,
			);
			defaultConfigurationIsVisible = 0;
			defaultConfigurationName = Release;
		};
		6003F5C2195388D20070C39A /* Build configuration list for PBXNativeTarget "iOSTest" */ = {
			isa = XCConfigurationList;
			buildConfigurations = (
				6003F5C3195388D20070C39A /* Debug */,
				6003F5C4195388D20070C39A /* Release */,
			);
			defaultConfigurationIsVisible = 0;
			defaultConfigurationName = Release;
		};
		CE591ADC209C390B00EEB014 /* Build configuration list for PBXNativeTarget "Example" */ = {
			isa = XCConfigurationList;
			buildConfigurations = (
				CE591ADA209C390B00EEB014 /* Debug */,
				CE591ADB209C390B00EEB014 /* Release */,
			);
			defaultConfigurationIsVisible = 0;
			defaultConfigurationName = Release;
		};
/* End XCConfigurationList section */
	};
	rootObject = 6003F582195388D10070C39A /* Project object */;
}
